hash: bc481011e7215d337a3950fa636123ecf49b5e9c8a4e76b918dec61f2b287b3b
updated: 2016-09-11T18:54:18.831089441-07:00
imports:
- name: github.com/BurntSushi/toml
  version: 3883ac1ce943878302255f538fce319d23226223
- name: github.com/codegangsta/cli
  version: a14d7d367bc02b1f57d88de97926727f2d936387
- name: github.com/etcinit/gonduit
  version: 5b8d9f852c0edc41dbc0863ae6b0cd1f900e1388
  subpackages:
  - constants
  - core
  - entities
  - requests
  - responses
  - util
- name: github.com/facebookgo/inject
  version: 643b7206b487b04fbea325cf6e8d06a66f8db772
- name: github.com/facebookgo/structtag
  version: 217e25fb96916cc60332e399c9aa63f5c422ceed
- name: github.com/gin-gonic/gin
  version: e2fa89777e344782ef5d31929f095f4589c35dcc
  subpackages:
  - binding
  - render
- name: github.com/jacobstr/confer
  version: 7ddf83c33861d46f7976fa58278bd17df95e5bcf
  subpackages:
  - errors
  - maps
  - reader
  - source
- name: github.com/julienschmidt/httprouter
  version: b428fda53bb0a764fea9c76c9413512eda291dec
- name: github.com/karlseguin/typed
  version: 2f542a6ff2d9962d9af4becdddf2e1a724a7d776
- name: github.com/kr/pretty
  version: f31442d60e51465c69811e2107ae978868dbea5c
- name: github.com/kr/text
  version: 6807e777504f54ad073ecef66747de158294b639
- name: github.com/mattn/go-colorable
  version: ed8eb9e318d7a84ce5915b495b7d35e0cfe7b5a8
- name: github.com/mattn/go-isatty
  version: 66b8e73f3f5cda9f96b69efd03dd3d7fc4a5cdb8
- name: github.com/nlopes/slack
  version: 3e8aa5655be613e1d4ce0b740993bb734a2b0f7b
- name: github.com/Sirupsen/logrus
  version: 4b6ea7319e214d98c938f12692336f7ca9348d6b
- name: github.com/spf13/cast
  version: 770890fb156e3654a3aaa7e696971f7e5a73df4a
- name: github.com/spf13/jwalterweatherman
  version: e3682f3b5526cf86abc2d415aa312cd5531e3d0a
- name: github.com/spf13/pflag
  version: 463bdc838f2b35e9307e91d480878bda5fff7232
- name: golang.org/x/net
  version: cfe3c2a7525b50c3d707256e371c90938cfef98a
  subpackages:
  - websocket
- name: golang.org/x/sys
  version: 30de6d19a3bd89a5f38ae4028e23aaa5582648af
  subpackages:
  - unix
- name: gopkg.in/yaml.v1
  version: 9f9df34309c04878acc86042b16630b0f696e1de
testImports:
- name: github.com/davecgh/go-spew
  version: 6d212800a42e8ab5c146b8ace3490ee17e5225f9
  subpackages:
  - spew
- name: github.com/pmezard/go-difflib
  version: 792786c7400a136282c1664665ae0a8db921c6c2
  subpackages:
  - difflib
- name: github.com/stretchr/testify
  version: f390dcf405f7b83c997eac1b06768bb9f44dec18
  subpackages:
  - assert
